{
  "name": "test-affected-direct",
  "version": "1.0.0",
  "lockfileVersion": 3,
  "requires": true,
  "packages": {
    "": {
      "name": "test-affected-direct",
      "version": "1.0.0",
      "dependencies": {
        "02-echo": "0.0.7",
        "lodash": "4.17.21"
      }
    },
    "node_modules/02-echo": {
      "version": "0.0.7",
      "resolved": "https://registry.npmjs.org/02-echo/-/02-echo-0.0.7.tgz",
      "integrity": "sha512-MOCK-INTEGRITY-HASH-FOR-TESTING",
      "bin": {
        "echo": "index.js"
      }
    },
    "node_modules/lodash": {
      "version": "4.17.21",
      "resolved": "https://registry.npmjs.org/lodash/-/lodash-4.17.21.tgz",
      "integrity": "sha512-v2kDEe57lecTulaDIuNTPy3Ry4gLGJ6Z1O3vE1krgXZNrsQ+LFTGHVxVjcXPs17LhbZVGedAJv8XZ1tvj5FvSg=="
    }
  }
}
